
Microsoft Visual Studio Solution File, Format Version 12.00
# Visual Studio 2013
VisualStudioVersion = 12.0.21005.1
MinimumVisualStudioVersion = 10.0.40219.1
Project("{8BC9CEB8-8B4A-11D0-8D11-00A0C91BC942}") = "functions", "functions\functions.vcxproj", "{BA6AC7BF-9EA0-4134-A687-4FBDF87DF978}"
	ProjectSection(ProjectDependencies) = postProject
		{88C5CF91-68DA-4BEE-9EC5-6DC85D28B44B} = {88C5CF91-68DA-4BEE-9EC5-6DC85D28B44B}
	EndProjectSection
EndProject
Project("{8BC9CEB8-8B4A-11D0-8D11-00A0C91BC942}") = "lib", "lib\lib.vcxproj", "{88C5CF91-68DA-4BEE-9EC5-6DC85D28B44B}"
EndProject
Project("{8BC9CEB8-8B4A-11D0-8D11-00A0C91BC942}") = "demo", "demo\demo.vcxproj", "{DCCF834D-1F17-49C5-B606-6BA6CEAC616F}"
EndProject
Global
	GlobalSection(SolutionConfigurationPlatforms) = preSolution
		Debug|Win32 = Debug|Win32
		Release|Win32 = Release|Win32
	EndGlobalSection
	GlobalSection(ProjectConfigurationPlatforms) = postSolution
		{BA6AC7BF-9EA0-4134-A687-4FBDF87DF978}.Debug|Win32.ActiveCfg = Debug|Win32
		{BA6AC7BF-9EA0-4134-A687-4FBDF87DF978}.Debug|Win32.Build.0 = Debug|Win32
		{BA6AC7BF-9EA0-4134-A687-4FBDF87DF978}.Release|Win32.ActiveCfg = Release|Win32
		{BA6AC7BF-9EA0-4134-A687-4FBDF87DF978}.Release|Win32.Build.0 = Release|Win32
		{88C5CF91-68DA-4BEE-9EC5-6DC85D28B44B}.Debug|Win32.ActiveCfg = Debug|Win32
		{88C5CF91-68DA-4BEE-9EC5-6DC85D28B44B}.Debug|Win32.Build.0 = Debug|Win32
		{88C5CF91-68DA-4BEE-9EC5-6DC85D28B44B}.Release|Win32.ActiveCfg = Release|Win32
		{88C5CF91-68DA-4BEE-9EC5-6DC85D28B44B}.Release|Win32.Build.0 = Release|Win32
		{DCCF834D-1F17-49C5-B606-6BA6CEAC616F}.Debug|Win32.ActiveCfg = Debug|Win32
		{DCCF834D-1F17-49C5-B606-6BA6CEAC616F}.Debug|Win32.Build.0 = Debug|Win32
		{DCCF834D-1F17-49C5-B606-6BA6CEAC616F}.Release|Win32.ActiveCfg = Release|Win32
		{DCCF834D-1F17-49C5-B606-6BA6CEAC616F}.Release|Win32.Build.0 = Release|Win32
	EndGlobalSection
	GlobalSection(SolutionProperties) = preSolution
		HideSolutionNode = FALSE
	EndGlobalSection
EndGlobal
